
Microsoft Visual Studio Solution File, Format Version 12.00
# Visual Studio Version 17
VisualStudioVersion = 17.14.36623.8 d17.14
MinimumVisualStudioVersion = 10.0.40219.1
Project("{FAE04EC0-301F-11D3-BF4B-00C04F79EFBC}") = "SchauerLib", "SchauerLib.csproj", "{131D3097-B566-402F-9F6B-A7C5CA0A1C52}"
EndProject
Project("{FAE04EC0-301F-11D3-BF4B-00C04F79EFBC}") = "SchauerLib.Tests", "..\SchauerLib.Tests\SchauerLib.Tests.csproj", "{91E6AFB8-0A80-4F89-A786-025CC8117884}"
EndProject
Global
	GlobalSection(SolutionConfigurationPlatforms) = preSolution
		Debug|Any CPU = Debug|Any CPU
		Release|Any CPU = Release|Any CPU
	EndGlobalSection
	GlobalSection(ProjectConfigurationPlatforms) = postSolution
		{131D3097-B566-402F-9F6B-A7C5CA0A1C52}.Debug|Any CPU.ActiveCfg = Debug|Any CPU
		{131D3097-B566-402F-9F6B-A7C5CA0A1C52}.Debug|Any CPU.Build.0 = Debug|Any CPU
		{131D3097-B566-402F-9F6B-A7C5CA0A1C52}.Release|Any CPU.ActiveCfg = Release|Any CPU
		{131D3097-B566-402F-9F6B-A7C5CA0A1C52}.Release|Any CPU.Build.0 = Release|Any CPU
		{91E6AFB8-0A80-4F89-A786-025CC8117884}.Debug|Any CPU.ActiveCfg = Debug|Any CPU
		{91E6AFB8-0A80-4F89-A786-025CC8117884}.Debug|Any CPU.Build.0 = Debug|Any CPU
		{91E6AFB8-0A80-4F89-A786-025CC8117884}.Release|Any CPU.ActiveCfg = Release|Any CPU
		{91E6AFB8-0A80-4F89-A786-025CC8117884}.Release|Any CPU.Build.0 = Release|Any CPU
	EndGlobalSection
	GlobalSection(SolutionProperties) = preSolution
		HideSolutionNode = FALSE
	EndGlobalSection
	GlobalSection(ExtensibilityGlobals) = postSolution
		SolutionGuid = {EA416C9C-D9A2-484A-B992-05B8D23525A2}
	EndGlobalSection
EndGlobal
